
Microsoft Visual Studio Solution File, Format Version 12.00
# Visual Studio 15
VisualStudioVersion = 15.0.26124.0
MinimumVisualStudioVersion = 15.0.26124.0
Project("{2150E333-8FDC-42A3-9474-1A3956D46DE8}") = "src", "src", "{17B6D6F9-5BF6-403D-B39C-6C7275E82EBB}"
EndProject
Project("{FAE04EC0-301F-11D3-BF4B-00C04F79EFBC}") = "SharpAspect", "src\SharpAspect\SharpAspect.csproj", "{F5098327-2152-499A-B310-2238E03332C5}"
EndProject
Project("{2150E333-8FDC-42A3-9474-1A3956D46DE8}") = "samples", "samples", "{75B29287-10C5-48EA-A73E-B2B229C387DB}"
EndProject
Project("{FAE04EC0-301F-11D3-BF4B-00C04F79EFBC}") = "SharpAspect.Sample", "samples\SharpAspect.Sample\SharpAspect.Sample.csproj", "{C7B3EEF1-38A3-4CAA-8859-01C0C31F6B1A}"
EndProject
Project("{2150E333-8FDC-42A3-9474-1A3956D46DE8}") = "tests", "tests", "{C8474DDB-217D-4F7F-8747-575E6A481707}"
EndProject
Project("{FAE04EC0-301F-11D3-BF4B-00C04F79EFBC}") = "SharpAspect.Tests", "tests\SharpAspect.Tests\SharpAspect.Tests.csproj", "{62CF289F-D953-40A2-9F9A-C4D625AD0B44}"
EndProject
Global
	GlobalSection(SolutionConfigurationPlatforms) = preSolution
		Debug|Any CPU = Debug|Any CPU
		Debug|x64 = Debug|x64
		Debug|x86 = Debug|x86
		Release|Any CPU = Release|Any CPU
		Release|x64 = Release|x64
		Release|x86 = Release|x86
	EndGlobalSection
	GlobalSection(SolutionProperties) = preSolution
		HideSolutionNode = FALSE
	EndGlobalSection
	GlobalSection(ProjectConfigurationPlatforms) = postSolution
		{F5098327-2152-499A-B310-2238E03332C5}.Debug|Any CPU.ActiveCfg = Debug|Any CPU
		{F5098327-2152-499A-B310-2238E03332C5}.Debug|Any CPU.Build.0 = Debug|Any CPU
		{F5098327-2152-499A-B310-2238E03332C5}.Debug|x64.ActiveCfg = Debug|Any CPU
		{F5098327-2152-499A-B310-2238E03332C5}.Debug|x64.Build.0 = Debug|Any CPU
		{F5098327-2152-499A-B310-2238E03332C5}.Debug|x86.ActiveCfg = Debug|Any CPU
		{F5098327-2152-499A-B310-2238E03332C5}.Debug|x86.Build.0 = Debug|Any CPU
		{F5098327-2152-499A-B310-2238E03332C5}.Release|Any CPU.ActiveCfg = Release|Any CPU
		{F5098327-2152-499A-B310-2238E03332C5}.Release|Any CPU.Build.0 = Release|Any CPU
		{F5098327-2152-499A-B310-2238E03332C5}.Release|x64.ActiveCfg = Release|Any CPU
		{F5098327-2152-499A-B310-2238E03332C5}.Release|x64.Build.0 = Release|Any CPU
		{F5098327-2152-499A-B310-2238E03332C5}.Release|x86.ActiveCfg = Release|Any CPU
		{F5098327-2152-499A-B310-2238E03332C5}.Release|x86.Build.0 = Release|Any CPU
		{C7B3EEF1-38A3-4CAA-8859-01C0C31F6B1A}.Debug|Any CPU.ActiveCfg = Debug|Any CPU
		{C7B3EEF1-38A3-4CAA-8859-01C0C31F6B1A}.Debug|Any CPU.Build.0 = Debug|Any CPU
		{C7B3EEF1-38A3-4CAA-8859-01C0C31F6B1A}.Debug|x64.ActiveCfg = Debug|Any CPU
		{C7B3EEF1-38A3-4CAA-8859-01C0C31F6B1A}.Debug|x64.Build.0 = Debug|Any CPU
		{C7B3EEF1-38A3-4CAA-8859-01C0C31F6B1A}.Debug|x86.ActiveCfg = Debug|Any CPU
		{C7B3EEF1-38A3-4CAA-8859-01C0C31F6B1A}.Debug|x86.Build.0 = Debug|Any CPU
		{C7B3EEF1-38A3-4CAA-8859-01C0C31F6B1A}.Release|Any CPU.ActiveCfg = Release|Any CPU
		{C7B3EEF1-38A3-4CAA-8859-01C0C31F6B1A}.Release|Any CPU.Build.0 = Release|Any CPU
		{C7B3EEF1-38A3-4CAA-8859-01C0C31F6B1A}.Release|x64.ActiveCfg = Release|Any CPU
		{C7B3EEF1-38A3-4CAA-8859-01C0C31F6B1A}.Release|x64.Build.0 = Release|Any CPU
		{C7B3EEF1-38A3-4CAA-8859-01C0C31F6B1A}.Release|x86.ActiveCfg = Release|Any CPU
		{C7B3EEF1-38A3-4CAA-8859-01C0C31F6B1A}.Release|x86.Build.0 = Release|Any CPU
		{62CF289F-D953-40A2-9F9A-C4D625AD0B44}.Debug|Any CPU.ActiveCfg = Debug|Any CPU
		{62CF289F-D953-40A2-9F9A-C4D625AD0B44}.Debug|Any CPU.Build.0 = Debug|Any CPU
		{62CF289F-D953-40A2-9F9A-C4D625AD0B44}.Debug|x64.ActiveCfg = Debug|Any CPU
		{62CF289F-D953-40A2-9F9A-C4D625AD0B44}.Debug|x64.Build.0 = Debug|Any CPU
		{62CF289F-D953-40A2-9F9A-C4D625AD0B44}.Debug|x86.ActiveCfg = Debug|Any CPU
		{62CF289F-D953-40A2-9F9A-C4D625AD0B44}.Debug|x86.Build.0 = Debug|Any CPU
		{62CF289F-D953-40A2-9F9A-C4D625AD0B44}.Release|Any CPU.ActiveCfg = Release|Any CPU
		{62CF289F-D953-40A2-9F9A-C4D625AD0B44}.Release|Any CPU.Build.0 = Release|Any CPU
		{62CF289F-D953-40A2-9F9A-C4D625AD0B44}.Release|x64.ActiveCfg = Release|Any CPU
		{62CF289F-D953-40A2-9F9A-C4D625AD0B44}.Release|x64.Build.0 = Release|Any CPU
		{62CF289F-D953-40A2-9F9A-C4D625AD0B44}.Release|x86.ActiveCfg = Release|Any CPU
		{62CF289F-D953-40A2-9F9A-C4D625AD0B44}.Release|x86.Build.0 = Release|Any CPU
	EndGlobalSection
	GlobalSection(NestedProjects) = preSolution
		{F5098327-2152-499A-B310-2238E03332C5} = {17B6D6F9-5BF6-403D-B39C-6C7275E82EBB}
		{C7B3EEF1-38A3-4CAA-8859-01C0C31F6B1A} = {75B29287-10C5-48EA-A73E-B2B229C387DB}
		{62CF289F-D953-40A2-9F9A-C4D625AD0B44} = {C8474DDB-217D-4F7F-8747-575E6A481707}
	EndGlobalSection
EndGlobal
